
Microsoft Visual Studio Solution File, Format Version 12.00
# Visual Studio Version 17
VisualStudioVersion = 17.7.34031.279
MinimumVisualStudioVersion = 10.0.40219.1
Project("{9A19103F-16F7-4668-BE54-9A1E7A4F7556}") = "demo.ODBC-247", "demo.ODBC-247.csproj", "{EF4B6624-2415-4A79-8265-C8BF48CD6B99}"
EndProject
Global
	GlobalSection(SolutionConfigurationPlatforms) = preSolution
		Debug|Any CPU = Debug|Any CPU
		Release|Any CPU = Release|Any CPU
	EndGlobalSection
	GlobalSection(ProjectConfigurationPlatforms) = postSolution
		{EF4B6624-2415-4A79-8265-C8BF48CD6B99}.Debug|Any CPU.ActiveCfg = Debug|Any CPU
		{EF4B6624-2415-4A79-8265-C8BF48CD6B99}.Debug|Any CPU.Build.0 = Debug|Any CPU
		{EF4B6624-2415-4A79-8265-C8BF48CD6B99}.Release|Any CPU.ActiveCfg = Release|Any CPU
		{EF4B6624-2415-4A79-8265-C8BF48CD6B99}.Release|Any CPU.Build.0 = Release|Any CPU
	EndGlobalSection
	GlobalSection(SolutionProperties) = preSolution
		HideSolutionNode = FALSE
	EndGlobalSection
	GlobalSection(ExtensibilityGlobals) = postSolution
		SolutionGuid = {7A787002-CC35-498D-854B-63BFB7FF028B}
	EndGlobalSection
EndGlobal
